<?xml version="1.0" encoding="UTF-8" standalone="yes" ?>
<CodeBlocks_project_file>
	<FileVersion major="1" minor="6" />
	<Project>
		<Option title="ejercicio5" />
		<Option pch_mode="2" />
		<Option compiler="gcc" />
		<Build>
			<Target title="Debug">
				<Option output="bin/Debug/ejercicio5" prefix_auto="1" extension_auto="1" />
				<Option object_output="obj/Debug/" />
				<Option type="1" />
				<Option compiler="gcc" />
				<Compiler>
					<Add option="-g" />
				</Compiler>
			</Target>
			<Target title="Release">
				<Option output="bin/Release/ejercicio5" prefix_auto="1" extension_auto="1" />
				<Option object_output="obj/Release/" />
				<Option type="1" />
				<Option compiler="gcc" />
				<Compiler>
					<Add option="-O2" />
				</Compiler>
				<Linker>
					<Add option="-s" />
				</Linker>
			</Target>
		</Build>
		<Compiler>
			<Add option="-Wall" />
		</Compiler>
		<Unit filename="../TADs/arbol-avl.c">
			<Option compilerVar="CC" />
		</Unit>
		<Unit filename="../TADs/arbol-avl.h" />
		<Unit filename="../TADs/nodo.c">
			<Option compilerVar="CC" />
		</Unit>
		<Unit filename="../TADs/nodo.h" />
		<Unit filename="../TADs/tabla_hash.h" />
		<Unit filename="../TADs/tabla_hash_lista_colisiones.c">
			<Option compilerVar="CC" />
			<Option compile="0" />
			<Option link="0" />
		</Unit>
		<Unit filename="../TADs/tabla_hash_zona_overflow.c">
			<Option compilerVar="CC" />
		</Unit>
		<Unit filename="../TADs/tipo_elemento.c">
			<Option compilerVar="CC" />
		</Unit>
		<Unit filename="../TADs/tipo_elemento.h" />
		<Unit filename="Ejercicio5.c">
			<Option compilerVar="CC" />
		</Unit>
		<Unit filename="ejercicio5.h" />
		<Unit filename="main.c">
			<Option compilerVar="CC" />
		</Unit>
		<Extensions />
	</Project>
</CodeBlocks_project_file>
